// !$*UTF8*$!
{
	archiveVersion = 1;
	classes = {
	};
	objectVersion = 46;
	objects = {

/* Begin PBXBuildFile section */
		CE06A2CB150D0CCF000F1CEE /* xmlparsing.c in Sources */ = {isa = PBXBuildFile; fileRef = CE06A2CA150D0CCF000F1CEE /* xmlparsing.c */; };
		CE06A2CD150DADFC000F1CEE /* libxml2.dylib in Frameworks */ = {isa = PBXBuildFile; fileRef = CE06A2CC150DADFC000F1CEE /* libxml2.dylib */; };
		CE06A2CE150DAE0E000F1CEE /* libxml2.dylib in Frameworks */ = {isa = PBXBuildFile; fileRef = CE06A2CC150DADFC000F1CEE /* libxml2.dylib */; };
		CE1B873514F19AE500FC9C71 /* libVitaMTP.dylib in Frameworks */ = {isa = PBXBuildFile; fileRef = CEF368D614F17ED60014F5DE /* libVitaMTP.dylib */; };
		CE3862FA15100F380019A766 /* vitacma.c in Sources */ = {isa = PBXBuildFile; fileRef = CE3862F915100F380019A766 /* vitacma.c */; };
		CE45647014F2D87E0008298C /* libmtp.9.dylib in Frameworks */ = {isa = PBXBuildFile; fileRef = CE45646F14F2D86E0008298C /* libmtp.9.dylib */; };
		CE45647114F2D88A0008298C /* libmtp.9.dylib in Frameworks */ = {isa = PBXBuildFile; fileRef = CE45646F14F2D86E0008298C /* libmtp.9.dylib */; };
		CE778A5315126A0C00484C04 /* opencma.h in Headers */ = {isa = PBXBuildFile; fileRef = CE778A5215126A0C00484C04 /* opencma.h */; };
		CE778A581512782900484C04 /* opencma.c in Sources */ = {isa = PBXBuildFile; fileRef = CE778A571512782900484C04 /* opencma.c */; };
		CEF368DE14F17EF30014F5DE /* vitamtp.c in Sources */ = {isa = PBXBuildFile; fileRef = CEF368DD14F17EF30014F5DE /* vitamtp.c */; };
		CEF368E214F17F0E0014F5DE /* vitamtp.h in Headers */ = {isa = PBXBuildFile; fileRef = CEF368E114F17F0E0014F5DE /* vitamtp.h */; };
/* End PBXBuildFile section */

/* Begin PBXContainerItemProxy section */
		CECF99DD14F187640064E29F /* PBXContainerItemProxy */ = {
			isa = PBXContainerItemProxy;
			containerPortal = CEF368CD14F17ED60014F5DE /* Project object */;
			proxyType = 1;
			remoteGlobalIDString = CEF368D514F17ED60014F5DE;
			remoteInfo = VitaMTP;
		};
/* End PBXContainerItemProxy section */

/* Begin PBXCopyFilesBuildPhase section */
		CECF99D014F186620064E29F /* CopyFiles */ = {
			isa = PBXCopyFilesBuildPhase;
			buildActionMask = 2147483647;
			dstPath = /usr/share/man/man1/;
			dstSubfolderSpec = 0;
			files = (
			);
			runOnlyForDeploymentPostprocessing = 1;
		};
/* End PBXCopyFilesBuildPhase section */

/* Begin PBXFileReference section */
		CE06A2CA150D0CCF000F1CEE /* xmlparsing.c */ = {isa = PBXFileReference; fileEncoding = 4; lastKnownFileType = sourcecode.c.c; path = xmlparsing.c; sourceTree = "<group>"; };
		CE06A2CC150DADFC000F1CEE /* libxml2.dylib */ = {isa = PBXFileReference; lastKnownFileType = "compiled.mach-o.dylib"; name = libxml2.dylib; path = libs/libxml2.dylib; sourceTree = "<group>"; };
		CE3862F915100F380019A766 /* vitacma.c */ = {isa = PBXFileReference; fileEncoding = 4; lastKnownFileType = sourcecode.c.c; path = vitacma.c; sourceTree = "<group>"; };
		CE45646F14F2D86E0008298C /* libmtp.9.dylib */ = {isa = PBXFileReference; lastKnownFileType = "compiled.mach-o.dylib"; name = libmtp.9.dylib; path = libs/libmtp.9.dylib; sourceTree = "<group>"; };
		CE778A5215126A0C00484C04 /* opencma.h */ = {isa = PBXFileReference; fileEncoding = 4; lastKnownFileType = sourcecode.c.h; path = opencma.h; sourceTree = "<group>"; };
		CE778A571512782900484C04 /* opencma.c */ = {isa = PBXFileReference; fileEncoding = 4; lastKnownFileType = sourcecode.c.c; path = opencma.c; sourceTree = "<group>"; };
		CEC297DA14F18EB30091F463 /* IOKit.framework */ = {isa = PBXFileReference; lastKnownFileType = wrapper.framework; name = IOKit.framework; path = System/Library/Frameworks/IOKit.framework; sourceTree = SDKROOT; };
		CECF99D214F186620064E29F /* VitaMTPTest */ = {isa = PBXFileReference; explicitFileType = "compiled.mach-o.executable"; includeInIndex = 0; path = VitaMTPTest; sourceTree = BUILT_PRODUCTS_DIR; };
		CEF368D614F17ED60014F5DE /* libVitaMTP.dylib */ = {isa = PBXFileReference; explicitFileType = "compiled.mach-o.dylib"; includeInIndex = 0; path = libVitaMTP.dylib; sourceTree = BUILT_PRODUCTS_DIR; };
		CEF368DD14F17EF30014F5DE /* vitamtp.c */ = {isa = PBXFileReference; fileEncoding = 4; lastKnownFileType = sourcecode.c.c; path = vitamtp.c; sourceTree = "<group>"; };
		CEF368E114F17F0E0014F5DE /* vitamtp.h */ = {isa = PBXFileReference; fileEncoding = 4; lastKnownFileType = sourcecode.c.h; path = vitamtp.h; sourceTree = "<group>"; };
/* End PBXFileReference section */

/* Begin PBXFrameworksBuildPhase section */
		CECF99CF14F186620064E29F /* Frameworks */ = {
			isa = PBXFrameworksBuildPhase;
			buildActionMask = 2147483647;
			files = (
				CE06A2CE150DAE0E000F1CEE /* libxml2.dylib in Frameworks */,
				CE45647114F2D88A0008298C /* libmtp.9.dylib in Frameworks */,
				CE1B873514F19AE500FC9C71 /* libVitaMTP.dylib in Frameworks */,
			);
			runOnlyForDeploymentPostprocessing = 0;
		};
		CEF368D314F17ED60014F5DE /* Frameworks */ = {
			isa = PBXFrameworksBuildPhase;
			buildActionMask = 2147483647;
			files = (
				CE06A2CD150DADFC000F1CEE /* libxml2.dylib in Frameworks */,
				CE45647014F2D87E0008298C /* libmtp.9.dylib in Frameworks */,
			);
			runOnlyForDeploymentPostprocessing = 0;
		};
/* End PBXFrameworksBuildPhase section */

/* Begin PBXGroup section */
		CE778A5415126E5500484C04 /* Sample */ = {
			isa = PBXGroup;
			children = (
				CE778A5215126A0C00484C04 /* opencma.h */,
				CE778A571512782900484C04 /* opencma.c */,
			);
			name = Sample;
			sourceTree = "<group>";
		};
		CEC297D714F18C3C0091F463 /* Libs */ = {
			isa = PBXGroup;
			children = (
				CE45646F14F2D86E0008298C /* libmtp.9.dylib */,
				CE06A2CC150DADFC000F1CEE /* libxml2.dylib */,
				CEC297DA14F18EB30091F463 /* IOKit.framework */,
			);
			name = Libs;
			sourceTree = "<group>";
		};
		CEF368CB14F17ED60014F5DE = {
			isa = PBXGroup;
			children = (
				CE778A5415126E5500484C04 /* Sample */,
				CEF368E014F17EFD0014F5DE /* Headers */,
				CEF368DF14F17EF80014F5DE /* Sources */,
				CEF368D714F17ED60014F5DE /* Products */,
				CEC297D714F18C3C0091F463 /* Libs */,
			);
			sourceTree = "<group>";
		};
		CEF368D714F17ED60014F5DE /* Products */ = {
			isa = PBXGroup;
			children = (
				CEF368D614F17ED60014F5DE /* libVitaMTP.dylib */,
				CECF99D214F186620064E29F /* VitaMTPTest */,
			);
			name = Products;
			sourceTree = "<group>";
		};
		CEF368DF14F17EF80014F5DE /* Sources */ = {
			isa = PBXGroup;
			children = (
				CEF368DD14F17EF30014F5DE /* vitamtp.c */,
				CE06A2CA150D0CCF000F1CEE /* xmlparsing.c */,
				CE3862F915100F380019A766 /* vitacma.c */,
			);
			name = Sources;
			sourceTree = "<group>";
		};
		CEF368E014F17EFD0014F5DE /* Headers */ = {
			isa = PBXGroup;
			children = (
				CEF368E114F17F0E0014F5DE /* vitamtp.h */,
			);
			name = Headers;
			sourceTree = "<group>";
		};
/* End PBXGroup section */

/* Begin PBXHeadersBuildPhase section */
		CEF368D414F17ED60014F5DE /* Headers */ = {
			isa = PBXHeadersBuildPhase;
			buildActionMask = 2147483647;
			files = (
				CEF368E214F17F0E0014F5DE /* vitamtp.h in Headers */,
				CE778A5315126A0C00484C04 /* opencma.h in Headers */,
			);
			runOnlyForDeploymentPostprocessing = 0;
		};
/* End PBXHeadersBuildPhase section */

/* Begin PBXNativeTarget section */
		CECF99D114F186620064E29F /* VitaMTPTest */ = {
			isa = PBXNativeTarget;
			buildConfigurationList = CECF99DB14F186620064E29F /* Build configuration list for PBXNativeTarget "VitaMTPTest" */;
			buildPhases = (
				CECF99CE14F186620064E29F /* Sources */,
				CECF99CF14F186620064E29F /* Frameworks */,
				CECF99D014F186620064E29F /* CopyFiles */,
			);
			buildRules = (
			);
			dependencies = (
				CECF99DE14F187640064E29F /* PBXTargetDependency */,
			);
			name = VitaMTPTest;
			productName = VitaMTPTest;
			productReference = CECF99D214F186620064E29F /* VitaMTPTest */;
			productType = "com.apple.product-type.tool";
		};
		CEF368D514F17ED60014F5DE /* VitaMTP */ = {
			isa = PBXNativeTarget;
			buildConfigurationList = CEF368DA14F17ED60014F5DE /* Build configuration list for PBXNativeTarget "VitaMTP" */;
			buildPhases = (
				CEF368D214F17ED60014F5DE /* Sources */,
				CEF368D314F17ED60014F5DE /* Frameworks */,
				CEF368D414F17ED60014F5DE /* Headers */,
			);
			buildRules = (
			);
			dependencies = (
			);
			name = VitaMTP;
			productName = VitaMTP;
			productReference = CEF368D614F17ED60014F5DE /* libVitaMTP.dylib */;
			productType = "com.apple.product-type.library.dynamic";
		};
/* End PBXNativeTarget section */

/* Begin PBXProject section */
		CEF368CD14F17ED60014F5DE /* Project object */ = {
			isa = PBXProject;
			attributes = {
				LastUpgradeCheck = 0420;
			};
			buildConfigurationList = CEF368D014F17ED60014F5DE /* Build configuration list for PBXProject "VitaMTP" */;
			compatibilityVersion = "Xcode 3.2";
			developmentRegion = English;
			hasScannedForEncodings = 0;
			knownRegions = (
				en,
			);
			mainGroup = CEF368CB14F17ED60014F5DE;
			productRefGroup = CEF368D714F17ED60014F5DE /* Products */;
			projectDirPath = "";
			projectRoot = "";
			targets = (
				CEF368D514F17ED60014F5DE /* VitaMTP */,
				CECF99D114F186620064E29F /* VitaMTPTest */,
			);
		};
/* End PBXProject section */

/* Begin PBXSourcesBuildPhase section */
		CECF99CE14F186620064E29F /* Sources */ = {
			isa = PBXSourcesBuildPhase;
			buildActionMask = 2147483647;
			files = (
				CE778A581512782900484C04 /* opencma.c in Sources */,
			);
			runOnlyForDeploymentPostprocessing = 0;
		};
		CEF368D214F17ED60014F5DE /* Sources */ = {
			isa = PBXSourcesBuildPhase;
			buildActionMask = 2147483647;
			files = (
				CEF368DE14F17EF30014F5DE /* vitamtp.c in Sources */,
				CE06A2CB150D0CCF000F1CEE /* xmlparsing.c in Sources */,
				CE3862FA15100F380019A766 /* vitacma.c in Sources */,
			);
			runOnlyForDeploymentPostprocessing = 0;
		};
/* End PBXSourcesBuildPhase section */

/* Begin PBXTargetDependency section */
		CECF99DE14F187640064E29F /* PBXTargetDependency */ = {
			isa = PBXTargetDependency;
			target = CEF368D514F17ED60014F5DE /* VitaMTP */;
			targetProxy = CECF99DD14F187640064E29F /* PBXContainerItemProxy */;
		};
/* End PBXTargetDependency section */

/* Begin XCBuildConfiguration section */
		CECF99D914F186620064E29F /* Debug */ = {
			isa = XCBuildConfiguration;
			buildSettings = {
				HEADER_SEARCH_PATHS = (
					"\"$(SRCROOT)\"",
					"/Users/yifanlu/Downloads/libmtp-1.1.2/src",
				);
				LIBRARY_SEARCH_PATHS = (
					"$(inherited)",
					"\"$(SRCROOT)/libs\"",
				);
				PRODUCT_NAME = "$(TARGET_NAME)";
			};
			name = Debug;
		};
		CECF99DA14F186620064E29F /* Release */ = {
			isa = XCBuildConfiguration;
			buildSettings = {
				HEADER_SEARCH_PATHS = (
					"\"$(SRCROOT)\"",
					"/Users/yifanlu/Downloads/libmtp-1.1.2/src",
				);
				LIBRARY_SEARCH_PATHS = (
					"$(inherited)",
					"\"$(SRCROOT)/libs\"",
				);
				PRODUCT_NAME = "$(TARGET_NAME)";
			};
			name = Release;
		};
		CEF368D814F17ED60014F5DE /* Debug */ = {
			isa = XCBuildConfiguration;
			buildSettings = {
				ALWAYS_SEARCH_USER_PATHS = NO;
				ARCHS = "$(ARCHS_STANDARD_64_BIT)";
				CLANG_ENABLE_OBJC_ARC = YES;
				COPY_PHASE_STRIP = NO;
				GCC_C_LANGUAGE_STANDARD = gnu99;
				GCC_DYNAMIC_NO_PIC = NO;
				GCC_ENABLE_OBJC_EXCEPTIONS = YES;
				GCC_OPTIMIZATION_LEVEL = 0;
				GCC_PREPROCESSOR_DEFINITIONS = (
					"DEBUG=1",
					"$(inherited)",
				);
				GCC_SYMBOLS_PRIVATE_EXTERN = NO;
				GCC_VERSION = com.apple.compilers.llvm.clang.1_0;
				GCC_WARN_64_TO_32_BIT_CONVERSION = YES;
				GCC_WARN_ABOUT_MISSING_PROTOTYPES = YES;
				GCC_WARN_ABOUT_RETURN_TYPE = YES;
				GCC_WARN_UNUSED_VARIABLE = YES;
				MACOSX_DEPLOYMENT_TARGET = 10.7;
				ONLY_ACTIVE_ARCH = YES;
				SDKROOT = macosx;
			};
			name = Debug;
		};
		CEF368D914F17ED60014F5DE /* Release */ = {
			isa = XCBuildConfiguration;
			buildSettings = {
				ALWAYS_SEARCH_USER_PATHS = NO;
				ARCHS = "$(ARCHS_STANDARD_64_BIT)";
				CLANG_ENABLE_OBJC_ARC = YES;
				COPY_PHASE_STRIP = YES;
				DEBUG_INFORMATION_FORMAT = "dwarf-with-dsym";
				GCC_C_LANGUAGE_STANDARD = gnu99;
				GCC_ENABLE_OBJC_EXCEPTIONS = YES;
				GCC_VERSION = com.apple.compilers.llvm.clang.1_0;
				GCC_WARN_64_TO_32_BIT_CONVERSION = YES;
				GCC_WARN_ABOUT_MISSING_PROTOTYPES = YES;
				GCC_WARN_ABOUT_RETURN_TYPE = YES;
				GCC_WARN_UNUSED_VARIABLE = YES;
				MACOSX_DEPLOYMENT_TARGET = 10.7;
				SDKROOT = macosx;
			};
			name = Release;
		};
		CEF368DB14F17ED60014F5DE /* Debug */ = {
			isa = XCBuildConfiguration;
			buildSettings = {
				EXECUTABLE_PREFIX = lib;
				HEADER_SEARCH_PATHS = (
					/opt/local/include/libxml2,
					"/Users/yifanlu/Downloads/libmtp-1.1.2/src",
				);
				LIBRARY_SEARCH_PATHS = (
					"$(inherited)",
					"\"$(SRCROOT)/libs\"",
				);
				OTHER_CFLAGS = "";
				OTHER_LDFLAGS = "";
				PRODUCT_NAME = "$(TARGET_NAME)";
			};
			name = Debug;
		};
		CEF368DC14F17ED60014F5DE /* Release */ = {
			isa = XCBuildConfiguration;
			buildSettings = {
				EXECUTABLE_PREFIX = lib;
				HEADER_SEARCH_PATHS = (
					/opt/local/include/libxml2,
					"/Users/yifanlu/Downloads/libmtp-1.1.2/src",
				);
				LIBRARY_SEARCH_PATHS = (
					"$(inherited)",
					"\"$(SRCROOT)/libs\"",
				);
				OTHER_CFLAGS = "";
				OTHER_LDFLAGS = "";
				PRODUCT_NAME = "$(TARGET_NAME)";
			};
			name = Release;
		};
/* End XCBuildConfiguration section */

/* Begin XCConfigurationList section */
		CECF99DB14F186620064E29F /* Build configuration list for PBXNativeTarget "VitaMTPTest" */ = {
			isa = XCConfigurationList;
			buildConfigurations = (
				CECF99D914F186620064E29F /* Debug */,
				CECF99DA14F186620064E29F /* Release */,
			);
			defaultConfigurationIsVisible = 0;
			defaultConfigurationName = Release;
		};
		CEF368D014F17ED60014F5DE /* Build configuration list for PBXProject "VitaMTP" */ = {
			isa = XCConfigurationList;
			buildConfigurations = (
				CEF368D814F17ED60014F5DE /* Debug */,
				CEF368D914F17ED60014F5DE /* Release */,
			);
			defaultConfigurationIsVisible = 0;
			defaultConfigurationName = Release;
		};
		CEF368DA14F17ED60014F5DE /* Build configuration list for PBXNativeTarget "VitaMTP" */ = {
			isa = XCConfigurationList;
			buildConfigurations = (
				CEF368DB14F17ED60014F5DE /* Debug */,
				CEF368DC14F17ED60014F5DE /* Release */,
			);
			defaultConfigurationIsVisible = 0;
			defaultConfigurationName = Release;
		};
/* End XCConfigurationList section */
	};
	rootObject = CEF368CD14F17ED60014F5DE /* Project object */;
}
