// !$*UTF8*$!
{
	archiveVersion = 1;
	classes = {
	};
	objectVersion = 46;
	objects = {

/* Begin PBXBuildFile section */
		CE1D157E16D8CBD600B74A31 /* libVitaMTP.dylib in Frameworks */ = {isa = PBXBuildFile; fileRef = CEF368D614F17ED60014F5DE /* libVitaMTP.dylib */; };
		CE2AAD6716E57FB20089956B /* vitamtp.h in Headers */ = {isa = PBXBuildFile; fileRef = CE2AAD6616E57FB20089956B /* vitamtp.h */; };
		CE2AAD6B16E57FC10089956B /* vitacma.c in Sources */ = {isa = PBXBuildFile; fileRef = CE2AAD6816E57FC10089956B /* vitacma.c */; };
		CE2AAD6C16E57FC10089956B /* vitamtp.c in Sources */ = {isa = PBXBuildFile; fileRef = CE2AAD6916E57FC10089956B /* vitamtp.c */; };
		CE2AAD6D16E57FC10089956B /* xmlparsing.c in Sources */ = {isa = PBXBuildFile; fileRef = CE2AAD6A16E57FC10089956B /* xmlparsing.c */; };
		CE2AAD7116E57FD40089956B /* database.c in Sources */ = {isa = PBXBuildFile; fileRef = CE2AAD6E16E57FD40089956B /* database.c */; };
		CE2AAD7216E57FD40089956B /* opencma.c in Sources */ = {isa = PBXBuildFile; fileRef = CE2AAD6F16E57FD40089956B /* opencma.c */; };
		CE2AAD7316E57FD40089956B /* utilities.c in Sources */ = {isa = PBXBuildFile; fileRef = CE2AAD7016E57FD40089956B /* utilities.c */; };
		CEDD700217307E7000E6EF05 /* device.c in Sources */ = {isa = PBXBuildFile; fileRef = CEDD700117307E7000E6EF05 /* device.c */; };
/* End PBXBuildFile section */

/* Begin PBXContainerItemProxy section */
		CECF99DD14F187640064E29F /* PBXContainerItemProxy */ = {
			isa = PBXContainerItemProxy;
			containerPortal = CEF368CD14F17ED60014F5DE /* Project object */;
			proxyType = 1;
			remoteGlobalIDString = CEF368D514F17ED60014F5DE;
			remoteInfo = VitaMTP;
		};
/* End PBXContainerItemProxy section */

/* Begin PBXCopyFilesBuildPhase section */
		CECF99D014F186620064E29F /* CopyFiles */ = {
			isa = PBXCopyFilesBuildPhase;
			buildActionMask = 2147483647;
			dstPath = /usr/share/man/man1/;
			dstSubfolderSpec = 0;
			files = (
			);
			runOnlyForDeploymentPostprocessing = 1;
		};
/* End PBXCopyFilesBuildPhase section */

/* Begin PBXFileReference section */
		CE2AAD6616E57FB20089956B /* vitamtp.h */ = {isa = PBXFileReference; fileEncoding = 4; lastKnownFileType = sourcecode.c.h; name = vitamtp.h; path = src/vitamtp.h; sourceTree = "<group>"; };
		CE2AAD6816E57FC10089956B /* vitacma.c */ = {isa = PBXFileReference; fileEncoding = 4; lastKnownFileType = sourcecode.c.c; name = vitacma.c; path = src/vitacma.c; sourceTree = "<group>"; };
		CE2AAD6916E57FC10089956B /* vitamtp.c */ = {isa = PBXFileReference; fileEncoding = 4; lastKnownFileType = sourcecode.c.c; name = vitamtp.c; path = src/vitamtp.c; sourceTree = "<group>"; };
		CE2AAD6A16E57FC10089956B /* xmlparsing.c */ = {isa = PBXFileReference; fileEncoding = 4; lastKnownFileType = sourcecode.c.c; name = xmlparsing.c; path = src/xmlparsing.c; sourceTree = "<group>"; };
		CE2AAD6E16E57FD40089956B /* database.c */ = {isa = PBXFileReference; fileEncoding = 4; lastKnownFileType = sourcecode.c.c; name = database.c; path = src/database.c; sourceTree = "<group>"; };
		CE2AAD6F16E57FD40089956B /* opencma.c */ = {isa = PBXFileReference; fileEncoding = 4; lastKnownFileType = sourcecode.c.c; name = opencma.c; path = src/opencma.c; sourceTree = "<group>"; };
		CE2AAD7016E57FD40089956B /* utilities.c */ = {isa = PBXFileReference; fileEncoding = 4; lastKnownFileType = sourcecode.c.c; name = utilities.c; path = src/utilities.c; sourceTree = "<group>"; };
		CE2AAD7416E57FDC0089956B /* opencma.h */ = {isa = PBXFileReference; fileEncoding = 4; lastKnownFileType = sourcecode.c.h; name = opencma.h; path = src/opencma.h; sourceTree = "<group>"; };
		CECF99D214F186620064E29F /* OpenCMA */ = {isa = PBXFileReference; explicitFileType = "compiled.mach-o.executable"; includeInIndex = 0; path = OpenCMA; sourceTree = BUILT_PRODUCTS_DIR; };
		CEDD700117307E7000E6EF05 /* device.c */ = {isa = PBXFileReference; fileEncoding = 4; lastKnownFileType = sourcecode.c.c; name = device.c; path = src/device.c; sourceTree = "<group>"; };
		CEF368D614F17ED60014F5DE /* libVitaMTP.dylib */ = {isa = PBXFileReference; explicitFileType = "compiled.mach-o.dylib"; includeInIndex = 0; path = libVitaMTP.dylib; sourceTree = BUILT_PRODUCTS_DIR; };
/* End PBXFileReference section */

/* Begin PBXFrameworksBuildPhase section */
		CECF99CF14F186620064E29F /* Frameworks */ = {
			isa = PBXFrameworksBuildPhase;
			buildActionMask = 2147483647;
			files = (
				CE1D157E16D8CBD600B74A31 /* libVitaMTP.dylib in Frameworks */,
			);
			runOnlyForDeploymentPostprocessing = 0;
		};
		CEF368D314F17ED60014F5DE /* Frameworks */ = {
			isa = PBXFrameworksBuildPhase;
			buildActionMask = 2147483647;
			files = (
			);
			runOnlyForDeploymentPostprocessing = 0;
		};
/* End PBXFrameworksBuildPhase section */

/* Begin PBXGroup section */
		CE778A5415126E5500484C04 /* OpenCMA */ = {
			isa = PBXGroup;
			children = (
				CE2AAD7416E57FDC0089956B /* opencma.h */,
				CE2AAD6E16E57FD40089956B /* database.c */,
				CE2AAD6F16E57FD40089956B /* opencma.c */,
				CE2AAD7016E57FD40089956B /* utilities.c */,
			);
			name = OpenCMA;
			sourceTree = "<group>";
		};
		CEF368CB14F17ED60014F5DE = {
			isa = PBXGroup;
			children = (
				CE778A5415126E5500484C04 /* OpenCMA */,
				CEF368DF14F17EF80014F5DE /* VitaMTP */,
				CEF368E014F17EFD0014F5DE /* Headers */,
				CEF368D714F17ED60014F5DE /* Products */,
			);
			sourceTree = "<group>";
		};
		CEF368D714F17ED60014F5DE /* Products */ = {
			isa = PBXGroup;
			children = (
				CEF368D614F17ED60014F5DE /* libVitaMTP.dylib */,
				CECF99D214F186620064E29F /* OpenCMA */,
			);
			name = Products;
			sourceTree = "<group>";
		};
		CEF368DF14F17EF80014F5DE /* VitaMTP */ = {
			isa = PBXGroup;
			children = (
				CEDD700117307E7000E6EF05 /* device.c */,
				CE2AAD6816E57FC10089956B /* vitacma.c */,
				CE2AAD6916E57FC10089956B /* vitamtp.c */,
				CE2AAD6A16E57FC10089956B /* xmlparsing.c */,
			);
			name = VitaMTP;
			sourceTree = "<group>";
		};
		CEF368E014F17EFD0014F5DE /* Headers */ = {
			isa = PBXGroup;
			children = (
				CE2AAD6616E57FB20089956B /* vitamtp.h */,
			);
			name = Headers;
			sourceTree = "<group>";
		};
/* End PBXGroup section */

/* Begin PBXHeadersBuildPhase section */
		CEF368D414F17ED60014F5DE /* Headers */ = {
			isa = PBXHeadersBuildPhase;
			buildActionMask = 2147483647;
			files = (
				CE2AAD6716E57FB20089956B /* vitamtp.h in Headers */,
			);
			runOnlyForDeploymentPostprocessing = 0;
		};
/* End PBXHeadersBuildPhase section */

/* Begin PBXNativeTarget section */
		CECF99D114F186620064E29F /* OpenCMA */ = {
			isa = PBXNativeTarget;
			buildConfigurationList = CECF99DB14F186620064E29F /* Build configuration list for PBXNativeTarget "OpenCMA" */;
			buildPhases = (
				CECF99CE14F186620064E29F /* Sources */,
				CECF99CF14F186620064E29F /* Frameworks */,
				CECF99D014F186620064E29F /* CopyFiles */,
			);
			buildRules = (
			);
			dependencies = (
				CECF99DE14F187640064E29F /* PBXTargetDependency */,
			);
			name = OpenCMA;
			productName = VitaMTPTest;
			productReference = CECF99D214F186620064E29F /* OpenCMA */;
			productType = "com.apple.product-type.tool";
		};
		CEF368D514F17ED60014F5DE /* VitaMTP */ = {
			isa = PBXNativeTarget;
			buildConfigurationList = CEF368DA14F17ED60014F5DE /* Build configuration list for PBXNativeTarget "VitaMTP" */;
			buildPhases = (
				CEF368D214F17ED60014F5DE /* Sources */,
				CEF368D314F17ED60014F5DE /* Frameworks */,
				CEF368D414F17ED60014F5DE /* Headers */,
			);
			buildRules = (
			);
			dependencies = (
			);
			name = VitaMTP;
			productName = VitaMTP;
			productReference = CEF368D614F17ED60014F5DE /* libVitaMTP.dylib */;
			productType = "com.apple.product-type.library.dynamic";
		};
/* End PBXNativeTarget section */

/* Begin PBXProject section */
		CEF368CD14F17ED60014F5DE /* Project object */ = {
			isa = PBXProject;
			attributes = {
				LastUpgradeCheck = 0460;
			};
			buildConfigurationList = CEF368D014F17ED60014F5DE /* Build configuration list for PBXProject "VitaMTP" */;
			compatibilityVersion = "Xcode 3.2";
			developmentRegion = English;
			hasScannedForEncodings = 0;
			knownRegions = (
				en,
			);
			mainGroup = CEF368CB14F17ED60014F5DE;
			productRefGroup = CEF368D714F17ED60014F5DE /* Products */;
			projectDirPath = "";
			projectRoot = "";
			targets = (
				CEF368D514F17ED60014F5DE /* VitaMTP */,
				CECF99D114F186620064E29F /* OpenCMA */,
			);
		};
/* End PBXProject section */

/* Begin PBXSourcesBuildPhase section */
		CECF99CE14F186620064E29F /* Sources */ = {
			isa = PBXSourcesBuildPhase;
			buildActionMask = 2147483647;
			files = (
				CE2AAD7116E57FD40089956B /* database.c in Sources */,
				CE2AAD7216E57FD40089956B /* opencma.c in Sources */,
				CE2AAD7316E57FD40089956B /* utilities.c in Sources */,
			);
			runOnlyForDeploymentPostprocessing = 0;
		};
		CEF368D214F17ED60014F5DE /* Sources */ = {
			isa = PBXSourcesBuildPhase;
			buildActionMask = 2147483647;
			files = (
				CE2AAD6B16E57FC10089956B /* vitacma.c in Sources */,
				CE2AAD6C16E57FC10089956B /* vitamtp.c in Sources */,
				CE2AAD6D16E57FC10089956B /* xmlparsing.c in Sources */,
				CEDD700217307E7000E6EF05 /* device.c in Sources */,
			);
			runOnlyForDeploymentPostprocessing = 0;
		};
/* End PBXSourcesBuildPhase section */

/* Begin PBXTargetDependency section */
		CECF99DE14F187640064E29F /* PBXTargetDependency */ = {
			isa = PBXTargetDependency;
			target = CEF368D514F17ED60014F5DE /* VitaMTP */;
			targetProxy = CECF99DD14F187640064E29F /* PBXContainerItemProxy */;
		};
/* End PBXTargetDependency section */

/* Begin XCBuildConfiguration section */
		CECF99D914F186620064E29F /* Debug */ = {
			isa = XCBuildConfiguration;
			buildSettings = {
				HEADER_SEARCH_PATHS = (
					"\"$(SRCROOT)/src\"",
					"\"$(SRCROOT)/libmtp/src\"",
				);
				LIBRARY_SEARCH_PATHS = "\"$(SRCROOT)/libmtp/src/.libs\"";
				OTHER_LDFLAGS = "-lmtp";
				PRODUCT_NAME = "$(TARGET_NAME)";
			};
			name = Debug;
		};
		CECF99DA14F186620064E29F /* Release */ = {
			isa = XCBuildConfiguration;
			buildSettings = {
				HEADER_SEARCH_PATHS = (
					"\"$(SRCROOT)/src\"",
					"\"$(SRCROOT)/libmtp/src\"",
				);
				LIBRARY_SEARCH_PATHS = "\"$(SRCROOT)/libmtp/src/.libs\"";
				OTHER_LDFLAGS = "-lmtp";
				PRODUCT_NAME = "$(TARGET_NAME)";
			};
			name = Release;
		};
		CEF368D814F17ED60014F5DE /* Debug */ = {
			isa = XCBuildConfiguration;
			buildSettings = {
				ALWAYS_SEARCH_USER_PATHS = NO;
				ARCHS = "$(ARCHS_STANDARD_64_BIT)";
				CLANG_ENABLE_OBJC_ARC = YES;
				CLANG_WARN_CONSTANT_CONVERSION = YES;
				CLANG_WARN_ENUM_CONVERSION = YES;
				CLANG_WARN_INT_CONVERSION = YES;
				CLANG_WARN__DUPLICATE_METHOD_MATCH = YES;
				COPY_PHASE_STRIP = NO;
				GCC_C_LANGUAGE_STANDARD = gnu99;
				GCC_DYNAMIC_NO_PIC = NO;
				GCC_ENABLE_OBJC_EXCEPTIONS = YES;
				GCC_OPTIMIZATION_LEVEL = 0;
				GCC_PREPROCESSOR_DEFINITIONS = (
					"DEBUG=1",
					"$(inherited)",
				);
				GCC_SYMBOLS_PRIVATE_EXTERN = NO;
				GCC_VERSION = com.apple.compilers.llvm.clang.1_0;
				GCC_WARN_64_TO_32_BIT_CONVERSION = YES;
				GCC_WARN_ABOUT_MISSING_PROTOTYPES = YES;
				GCC_WARN_ABOUT_RETURN_TYPE = YES;
				GCC_WARN_UNINITIALIZED_AUTOS = YES;
				GCC_WARN_UNUSED_VARIABLE = YES;
				HEADER_SEARCH_PATHS = "";
				LIBRARY_SEARCH_PATHS = "";
				MACOSX_DEPLOYMENT_TARGET = 10.7;
				ONLY_ACTIVE_ARCH = YES;
				SDKROOT = macosx;
			};
			name = Debug;
		};
		CEF368D914F17ED60014F5DE /* Release */ = {
			isa = XCBuildConfiguration;
			buildSettings = {
				ALWAYS_SEARCH_USER_PATHS = NO;
				ARCHS = "$(ARCHS_STANDARD_64_BIT)";
				CLANG_ENABLE_OBJC_ARC = YES;
				CLANG_WARN_CONSTANT_CONVERSION = YES;
				CLANG_WARN_ENUM_CONVERSION = YES;
				CLANG_WARN_INT_CONVERSION = YES;
				CLANG_WARN__DUPLICATE_METHOD_MATCH = YES;
				COPY_PHASE_STRIP = YES;
				DEBUG_INFORMATION_FORMAT = "dwarf-with-dsym";
				GCC_C_LANGUAGE_STANDARD = gnu99;
				GCC_ENABLE_OBJC_EXCEPTIONS = YES;
				GCC_VERSION = com.apple.compilers.llvm.clang.1_0;
				GCC_WARN_64_TO_32_BIT_CONVERSION = YES;
				GCC_WARN_ABOUT_MISSING_PROTOTYPES = YES;
				GCC_WARN_ABOUT_RETURN_TYPE = YES;
				GCC_WARN_UNINITIALIZED_AUTOS = YES;
				GCC_WARN_UNUSED_VARIABLE = YES;
				HEADER_SEARCH_PATHS = "";
				LIBRARY_SEARCH_PATHS = "";
				MACOSX_DEPLOYMENT_TARGET = 10.7;
				SDKROOT = macosx;
			};
			name = Release;
		};
		CEF368DB14F17ED60014F5DE /* Debug */ = {
			isa = XCBuildConfiguration;
			buildSettings = {
				COMBINE_HIDPI_IMAGES = YES;
				EXECUTABLE_PREFIX = lib;
				HEADER_SEARCH_PATHS = (
					"\"/opt/local/include/libxml2\"",
					"\"$(SRCROOT)/libmtp/src\"",
				);
				LIBRARY_SEARCH_PATHS = "\"$(SRCROOT)/libmtp/src/.libs\"";
				OTHER_CFLAGS = "";
				OTHER_LDFLAGS = (
					"-lmtp",
					"-lxml2",
				);
				PRODUCT_NAME = "$(TARGET_NAME)";
			};
			name = Debug;
		};
		CEF368DC14F17ED60014F5DE /* Release */ = {
			isa = XCBuildConfiguration;
			buildSettings = {
				COMBINE_HIDPI_IMAGES = YES;
				EXECUTABLE_PREFIX = lib;
				HEADER_SEARCH_PATHS = (
					"\"/opt/local/include/libxml2\"",
					"\"$(SRCROOT)/libmtp/src\"",
				);
				LIBRARY_SEARCH_PATHS = "\"$(SRCROOT)/libmtp/src/.libs\"";
				OTHER_CFLAGS = "";
				OTHER_LDFLAGS = (
					"-lmtp",
					"-lxml2",
				);
				PRODUCT_NAME = "$(TARGET_NAME)";
			};
			name = Release;
		};
/* End XCBuildConfiguration section */

/* Begin XCConfigurationList section */
		CECF99DB14F186620064E29F /* Build configuration list for PBXNativeTarget "OpenCMA" */ = {
			isa = XCConfigurationList;
			buildConfigurations = (
				CECF99D914F186620064E29F /* Debug */,
				CECF99DA14F186620064E29F /* Release */,
			);
			defaultConfigurationIsVisible = 0;
			defaultConfigurationName = Release;
		};
		CEF368D014F17ED60014F5DE /* Build configuration list for PBXProject "VitaMTP" */ = {
			isa = XCConfigurationList;
			buildConfigurations = (
				CEF368D814F17ED60014F5DE /* Debug */,
				CEF368D914F17ED60014F5DE /* Release */,
			);
			defaultConfigurationIsVisible = 0;
			defaultConfigurationName = Release;
		};
		CEF368DA14F17ED60014F5DE /* Build configuration list for PBXNativeTarget "VitaMTP" */ = {
			isa = XCConfigurationList;
			buildConfigurations = (
				CEF368DB14F17ED60014F5DE /* Debug */,
				CEF368DC14F17ED60014F5DE /* Release */,
			);
			defaultConfigurationIsVisible = 0;
			defaultConfigurationName = Release;
		};
/* End XCConfigurationList section */
	};
	rootObject = CEF368CD14F17ED60014F5DE /* Project object */;
}
